// !$*UTF8*$!
{
	archiveVersion = 1;
	classes = {
	};
	objectVersion = 46;
	objects = {

/* Begin PBXBuildFile section */
		AE8A87051DA1C854005E2365 /* KKSpeechRecognizerBridge.mm in Sources */ = {isa = PBXBuildFile; fileRef = AE8A87041DA1C854005E2365 /* KKSpeechRecognizerBridge.mm */; };
		AE8A87081DA1CA5C005E2365 /* Speech.framework in Frameworks */ = {isa = PBXBuildFile; fileRef = AE8A87071DA1CA5C005E2365 /* Speech.framework */; };
		AE8A870C1DA24F87005E2365 /* UnitySpeechRecognizerDelegate.m in Sources */ = {isa = PBXBuildFile; fileRef = AE8A870B1DA24F87005E2365 /* UnitySpeechRecognizerDelegate.m */; };
		AEDD8D3D1DA1BFD600106635 /* KKSpeechRecognizer.m in Sources */ = {isa = PBXBuildFile; fileRef = AEDD8D3C1DA1BFD600106635 /* KKSpeechRecognizer.m */; };
		AEDD8D3E1DA1BFD600106635 /* KKSpeechRecognizer.h in CopyFiles */ = {isa = PBXBuildFile; fileRef = AEDD8D3B1DA1BFD600106635 /* KKSpeechRecognizer.h */; };
/* End PBXBuildFile section */

/* Begin PBXCopyFilesBuildPhase section */
		AEDD8D361DA1BFD600106635 /* CopyFiles */ = {
			isa = PBXCopyFilesBuildPhase;
			buildActionMask = 2147483647;
			dstPath = "include/$(PRODUCT_NAME)";
			dstSubfolderSpec = 16;
			files = (
				AEDD8D3E1DA1BFD600106635 /* KKSpeechRecognizer.h in CopyFiles */,
			);
			runOnlyForDeploymentPostprocessing = 0;
		};
/* End PBXCopyFilesBuildPhase section */

/* Begin PBXFileReference section */
		AE8A87041DA1C854005E2365 /* KKSpeechRecognizerBridge.mm */ = {isa = PBXFileReference; fileEncoding = 4; lastKnownFileType = sourcecode.cpp.objcpp; path = KKSpeechRecognizerBridge.mm; sourceTree = "<group>"; };
		AE8A87071DA1CA5C005E2365 /* Speech.framework */ = {isa = PBXFileReference; lastKnownFileType = wrapper.framework; name = Speech.framework; path = System/Library/Frameworks/Speech.framework; sourceTree = SDKROOT; };
		AE8A870A1DA24F87005E2365 /* UnitySpeechRecognizerDelegate.h */ = {isa = PBXFileReference; fileEncoding = 4; lastKnownFileType = sourcecode.c.h; path = UnitySpeechRecognizerDelegate.h; sourceTree = "<group>"; };
		AE8A870B1DA24F87005E2365 /* UnitySpeechRecognizerDelegate.m */ = {isa = PBXFileReference; fileEncoding = 4; lastKnownFileType = sourcecode.c.objc; path = UnitySpeechRecognizerDelegate.m; sourceTree = "<group>"; };
		AEDD8D381DA1BFD600106635 /* libSpeechRecognizer.a */ = {isa = PBXFileReference; explicitFileType = archive.ar; includeInIndex = 0; path = libSpeechRecognizer.a; sourceTree = BUILT_PRODUCTS_DIR; };
		AEDD8D3B1DA1BFD600106635 /* KKSpeechRecognizer.h */ = {isa = PBXFileReference; lastKnownFileType = sourcecode.c.h; path = KKSpeechRecognizer.h; sourceTree = "<group>"; };
		AEDD8D3C1DA1BFD600106635 /* KKSpeechRecognizer.m */ = {isa = PBXFileReference; lastKnownFileType = sourcecode.c.objc; path = KKSpeechRecognizer.m; sourceTree = "<group>"; };
/* End PBXFileReference section */

/* Begin PBXFrameworksBuildPhase section */
		AEDD8D351DA1BFD600106635 /* Frameworks */ = {
			isa = PBXFrameworksBuildPhase;
			buildActionMask = 2147483647;
			files = (
				AE8A87081DA1CA5C005E2365 /* Speech.framework in Frameworks */,
			);
			runOnlyForDeploymentPostprocessing = 0;
		};
/* End PBXFrameworksBuildPhase section */

/* Begin PBXGroup section */
		AE8A87061DA1CA5C005E2365 /* Frameworks */ = {
			isa = PBXGroup;
			children = (
				AE8A87071DA1CA5C005E2365 /* Speech.framework */,
			);
			name = Frameworks;
			sourceTree = "<group>";
		};
		AEDD8D2F1DA1BFD600106635 = {
			isa = PBXGroup;
			children = (
				AEDD8D3A1DA1BFD600106635 /* SpeechRecognizer */,
				AEDD8D391DA1BFD600106635 /* Products */,
				AE8A87061DA1CA5C005E2365 /* Frameworks */,
			);
			sourceTree = "<group>";
		};
		AEDD8D391DA1BFD600106635 /* Products */ = {
			isa = PBXGroup;
			children = (
				AEDD8D381DA1BFD600106635 /* libSpeechRecognizer.a */,
			);
			name = Products;
			sourceTree = "<group>";
		};
		AEDD8D3A1DA1BFD600106635 /* SpeechRecognizer */ = {
			isa = PBXGroup;
			children = (
				AEDD8D3B1DA1BFD600106635 /* KKSpeechRecognizer.h */,
				AEDD8D3C1DA1BFD600106635 /* KKSpeechRecognizer.m */,
				AE8A87041DA1C854005E2365 /* KKSpeechRecognizerBridge.mm */,
				AE8A870A1DA24F87005E2365 /* UnitySpeechRecognizerDelegate.h */,
				AE8A870B1DA24F87005E2365 /* UnitySpeechRecognizerDelegate.m */,
			);
			path = SpeechRecognizer;
			sourceTree = "<group>";
		};
/* End PBXGroup section */

/* Begin PBXNativeTarget section */
		AEDD8D371DA1BFD600106635 /* SpeechRecognizer */ = {
			isa = PBXNativeTarget;
			buildConfigurationList = AEDD8D411DA1BFD600106635 /* Build configuration list for PBXNativeTarget "SpeechRecognizer" */;
			buildPhases = (
				AEDD8D341DA1BFD600106635 /* Sources */,
				AEDD8D351DA1BFD600106635 /* Frameworks */,
				AEDD8D361DA1BFD600106635 /* CopyFiles */,
			);
			buildRules = (
			);
			dependencies = (
			);
			name = SpeechRecognizer;
			productName = SpeechRecognizer;
			productReference = AEDD8D381DA1BFD600106635 /* libSpeechRecognizer.a */;
			productType = "com.apple.product-type.library.static";
		};
/* End PBXNativeTarget section */

/* Begin PBXProject section */
		AEDD8D301DA1BFD600106635 /* Project object */ = {
			isa = PBXProject;
			attributes = {
				LastUpgradeCheck = 0800;
				ORGANIZATIONNAME = kokosoft;
				TargetAttributes = {
					AEDD8D371DA1BFD600106635 = {
						CreatedOnToolsVersion = 8.0;
						DevelopmentTeam = 53423L63BG;
						LastSwiftMigration = 0800;
						ProvisioningStyle = Automatic;
					};
				};
			};
			buildConfigurationList = AEDD8D331DA1BFD600106635 /* Build configuration list for PBXProject "SpeechRecognizer" */;
			compatibilityVersion = "Xcode 3.2";
			developmentRegion = English;
			hasScannedForEncodings = 0;
			knownRegions = (
				en,
			);
			mainGroup = AEDD8D2F1DA1BFD600106635;
			productRefGroup = AEDD8D391DA1BFD600106635 /* Products */;
			projectDirPath = "";
			projectRoot = "";
			targets = (
				AEDD8D371DA1BFD600106635 /* SpeechRecognizer */,
			);
		};
/* End PBXProject section */

/* Begin PBXSourcesBuildPhase section */
		AEDD8D341DA1BFD600106635 /* Sources */ = {
			isa = PBXSourcesBuildPhase;
			buildActionMask = 2147483647;
			files = (
				AE8A870C1DA24F87005E2365 /* UnitySpeechRecognizerDelegate.m in Sources */,
				AEDD8D3D1DA1BFD600106635 /* KKSpeechRecognizer.m in Sources */,
				AE8A87051DA1C854005E2365 /* KKSpeechRecognizerBridge.mm in Sources */,
			);
			runOnlyForDeploymentPostprocessing = 0;
		};
/* End PBXSourcesBuildPhase section */

/* Begin XCBuildConfiguration section */
		AEDD8D3F1DA1BFD600106635 /* Debug */ = {
			isa = XCBuildConfiguration;
			buildSettings = {
				ALWAYS_SEARCH_USER_PATHS = NO;
				CLANG_ANALYZER_NONNULL = YES;
				CLANG_CXX_LANGUAGE_STANDARD = "gnu++0x";
				CLANG_CXX_LIBRARY = "libc++";
				CLANG_ENABLE_MODULES = YES;
				CLANG_ENABLE_OBJC_ARC = YES;
				CLANG_WARN_BOOL_CONVERSION = YES;
				CLANG_WARN_CONSTANT_CONVERSION = YES;
				CLANG_WARN_DIRECT_OBJC_ISA_USAGE = YES_ERROR;
				CLANG_WARN_DOCUMENTATION_COMMENTS = YES;
				CLANG_WARN_EMPTY_BODY = YES;
				CLANG_WARN_ENUM_CONVERSION = YES;
				CLANG_WARN_INFINITE_RECURSION = YES;
				CLANG_WARN_INT_CONVERSION = YES;
				CLANG_WARN_OBJC_ROOT_CLASS = YES_ERROR;
				CLANG_WARN_SUSPICIOUS_MOVES = YES;
				CLANG_WARN_UNREACHABLE_CODE = YES;
				CLANG_WARN__DUPLICATE_METHOD_MATCH = YES;
				"CODE_SIGN_IDENTITY[sdk=iphoneos*]" = "iPhone Developer";
				COPY_PHASE_STRIP = NO;
				DEBUG_INFORMATION_FORMAT = dwarf;
				ENABLE_STRICT_OBJC_MSGSEND = YES;
				ENABLE_TESTABILITY = YES;
				GCC_C_LANGUAGE_STANDARD = gnu99;
				GCC_DYNAMIC_NO_PIC = NO;
				GCC_NO_COMMON_BLOCKS = YES;
				GCC_OPTIMIZATION_LEVEL = 0;
				GCC_PREPROCESSOR_DEFINITIONS = (
					"DEBUG=1",
					"$(inherited)",
				);
				GCC_WARN_64_TO_32_BIT_CONVERSION = YES;
				GCC_WARN_ABOUT_RETURN_TYPE = YES_ERROR;
				GCC_WARN_UNDECLARED_SELECTOR = YES;
				GCC_WARN_UNINITIALIZED_AUTOS = YES_AGGRESSIVE;
				GCC_WARN_UNUSED_FUNCTION = YES;
				GCC_WARN_UNUSED_VARIABLE = YES;
				IPHONEOS_DEPLOYMENT_TARGET = 8.0;
				MTL_ENABLE_DEBUG_INFO = YES;
				ONLY_ACTIVE_ARCH = YES;
				SDKROOT = iphoneos;
			};
			name = Debug;
		};
		AEDD8D401DA1BFD600106635 /* Release */ = {
			isa = XCBuildConfiguration;
			buildSettings = {
				ALWAYS_SEARCH_USER_PATHS = NO;
				CLANG_ANALYZER_NONNULL = YES;
				CLANG_CXX_LANGUAGE_STANDARD = "gnu++0x";
				CLANG_CXX_LIBRARY = "libc++";
				CLANG_ENABLE_MODULES = YES;
				CLANG_ENABLE_OBJC_ARC = YES;
				CLANG_WARN_BOOL_CONVERSION = YES;
				CLANG_WARN_CONSTANT_CONVERSION = YES;
				CLANG_WARN_DIRECT_OBJC_ISA_USAGE = YES_ERROR;
				CLANG_WARN_DOCUMENTATION_COMMENTS = YES;
				CLANG_WARN_EMPTY_BODY = YES;
				CLANG_WARN_ENUM_CONVERSION = YES;
				CLANG_WARN_INFINITE_RECURSION = YES;
				CLANG_WARN_INT_CONVERSION = YES;
				CLANG_WARN_OBJC_ROOT_CLASS = YES_ERROR;
				CLANG_WARN_SUSPICIOUS_MOVES = YES;
				CLANG_WARN_UNREACHABLE_CODE = YES;
				CLANG_WARN__DUPLICATE_METHOD_MATCH = YES;
				"CODE_SIGN_IDENTITY[sdk=iphoneos*]" = "iPhone Developer";
				COPY_PHASE_STRIP = NO;
				DEBUG_INFORMATION_FORMAT = "dwarf-with-dsym";
				ENABLE_NS_ASSERTIONS = NO;
				ENABLE_STRICT_OBJC_MSGSEND = YES;
				GCC_C_LANGUAGE_STANDARD = gnu99;
				GCC_NO_COMMON_BLOCKS = YES;
				GCC_WARN_64_TO_32_BIT_CONVERSION = YES;
				GCC_WARN_ABOUT_RETURN_TYPE = YES_ERROR;
				GCC_WARN_UNDECLARED_SELECTOR = YES;
				GCC_WARN_UNINITIALIZED_AUTOS = YES_AGGRESSIVE;
				GCC_WARN_UNUSED_FUNCTION = YES;
				GCC_WARN_UNUSED_VARIABLE = YES;
				IPHONEOS_DEPLOYMENT_TARGET = 8.0;
				MTL_ENABLE_DEBUG_INFO = NO;
				SDKROOT = iphoneos;
				VALIDATE_PRODUCT = YES;
			};
			name = Release;
		};
		AEDD8D421DA1BFD600106635 /* Debug */ = {
			isa = XCBuildConfiguration;
			buildSettings = {
				CLANG_ENABLE_MODULES = YES;
				DEVELOPMENT_TEAM = 53423L63BG;
				LD_RUNPATH_SEARCH_PATHS = "$(inherited) @executable_path/Frameworks @loader_path/Frameworks";
				ONLY_ACTIVE_ARCH = NO;
				OTHER_LDFLAGS = "-ObjC";
				PRODUCT_NAME = "$(TARGET_NAME)";
				SKIP_INSTALL = YES;
				SWIFT_OBJC_BRIDGING_HEADER = "SpeechRecognizer/SpeechRecognizer-Bridging-Header.h";
				SWIFT_OPTIMIZATION_LEVEL = "-Onone";
				SWIFT_VERSION = 3.0;
			};
			name = Debug;
		};
		AEDD8D431DA1BFD600106635 /* Release */ = {
			isa = XCBuildConfiguration;
			buildSettings = {
				CLANG_ENABLE_MODULES = YES;
				DEVELOPMENT_TEAM = 53423L63BG;
				LD_RUNPATH_SEARCH_PATHS = "$(inherited) @executable_path/Frameworks @loader_path/Frameworks";
				OTHER_LDFLAGS = "-ObjC";
				PRODUCT_NAME = "$(TARGET_NAME)";
				SKIP_INSTALL = YES;
				SWIFT_OBJC_BRIDGING_HEADER = "SpeechRecognizer/SpeechRecognizer-Bridging-Header.h";
				SWIFT_VERSION = 3.0;
			};
			name = Release;
		};
/* End XCBuildConfiguration section */

/* Begin XCConfigurationList section */
		AEDD8D331DA1BFD600106635 /* Build configuration list for PBXProject "SpeechRecognizer" */ = {
			isa = XCConfigurationList;
			buildConfigurations = (
				AEDD8D3F1DA1BFD600106635 /* Debug */,
				AEDD8D401DA1BFD600106635 /* Release */,
			);
			defaultConfigurationIsVisible = 0;
			defaultConfigurationName = Release;
		};
		AEDD8D411DA1BFD600106635 /* Build configuration list for PBXNativeTarget "SpeechRecognizer" */ = {
			isa = XCConfigurationList;
			buildConfigurations = (
				AEDD8D421DA1BFD600106635 /* Debug */,
				AEDD8D431DA1BFD600106635 /* Release */,
			);
			defaultConfigurationIsVisible = 0;
			defaultConfigurationName = Release;
		};
/* End XCConfigurationList section */
	};
	rootObject = AEDD8D301DA1BFD600106635 /* Project object */;
}
